
Microsoft Visual Studio Solution File, Format Version 12.00
# Visual Studio Version 16
VisualStudioVersion = 16.0.29123.88
MinimumVisualStudioVersion = 10.0.40219.1
Project("{FAE04EC0-301F-11D3-BF4B-00C04F79EFBC}") = "WpfApp1", "WpfApp1\WpfApp1.csproj", "{F5B7429E-16E2-4170-8A35-F0DA03637E73}"
EndProject
Project("{FAE04EC0-301F-11D3-BF4B-00C04F79EFBC}") = "WindowsFormsApp1", "WindowsFormsApp1\WindowsFormsApp1.csproj", "{2482173B-C809-4A47-94DB-B40AC8ED7DDC}"
EndProject
Global
	GlobalSection(SolutionConfigurationPlatforms) = preSolution
		Debug|Any CPU = Debug|Any CPU
		Release|Any CPU = Release|Any CPU
	EndGlobalSection
	GlobalSection(ProjectConfigurationPlatforms) = postSolution
		{F5B7429E-16E2-4170-8A35-F0DA03637E73}.Debug|Any CPU.ActiveCfg = Debug|Any CPU
		{F5B7429E-16E2-4170-8A35-F0DA03637E73}.Debug|Any CPU.Build.0 = Debug|Any CPU
		{F5B7429E-16E2-4170-8A35-F0DA03637E73}.Release|Any CPU.ActiveCfg = Release|Any CPU
		{F5B7429E-16E2-4170-8A35-F0DA03637E73}.Release|Any CPU.Build.0 = Release|Any CPU
		{2482173B-C809-4A47-94DB-B40AC8ED7DDC}.Debug|Any CPU.ActiveCfg = Debug|Any CPU
		{2482173B-C809-4A47-94DB-B40AC8ED7DDC}.Debug|Any CPU.Build.0 = Debug|Any CPU
		{2482173B-C809-4A47-94DB-B40AC8ED7DDC}.Release|Any CPU.ActiveCfg = Release|Any CPU
		{2482173B-C809-4A47-94DB-B40AC8ED7DDC}.Release|Any CPU.Build.0 = Release|Any CPU
	EndGlobalSection
	GlobalSection(SolutionProperties) = preSolution
		HideSolutionNode = FALSE
	EndGlobalSection
	GlobalSection(ExtensibilityGlobals) = postSolution
		SolutionGuid = {B53FE74B-CFB9-447F-A8F5-245A5592A7AA}
	EndGlobalSection
EndGlobal
